
Microsoft Visual Studio Solution File, Format Version 12.00
# Visual Studio Version 16
VisualStudioVersion = 16.0.31702.278
MinimumVisualStudioVersion = 10.0.40219.1
Project("{FAE04EC0-301F-11D3-BF4B-00C04F79EFBC}") = "ServiceRest_20190140035_SekarPutriRetno", "ServiceRest_20190140035_SekarPutriRetno\ServiceRest_20190140035_SekarPutriRetno.csproj", "{F44025B6-169B-46F9-A0B0-51E10EC885EA}"
EndProject
Global
	GlobalSection(SolutionConfigurationPlatforms) = preSolution
		Debug|Any CPU = Debug|Any CPU
		Release|Any CPU = Release|Any CPU
	EndGlobalSection
	GlobalSection(ProjectConfigurationPlatforms) = postSolution
		{F44025B6-169B-46F9-A0B0-51E10EC885EA}.Debug|Any CPU.ActiveCfg = Debug|Any CPU
		{F44025B6-169B-46F9-A0B0-51E10EC885EA}.Debug|Any CPU.Build.0 = Debug|Any CPU
		{F44025B6-169B-46F9-A0B0-51E10EC885EA}.Release|Any CPU.ActiveCfg = Release|Any CPU
		{F44025B6-169B-46F9-A0B0-51E10EC885EA}.Release|Any CPU.Build.0 = Release|Any CPU
	EndGlobalSection
	GlobalSection(SolutionProperties) = preSolution
		HideSolutionNode = FALSE
	EndGlobalSection
	GlobalSection(ExtensibilityGlobals) = postSolution
		SolutionGuid = {5DF55975-1B65-4557-A654-C745C2FB3CB3}
	EndGlobalSection
EndGlobal
